<?xml version="1.0" encoding="UTF-8"?>
<Scheme
   LastUpgradeVersion = "2620"
   version = "1.7">
   <BuildAction
      parallelizeBuildables = "YES"
      buildImplicitDependencies = "YES"
      buildArchitectures = "Automatic">
      <BuildActionEntries>
         <BuildActionEntry
            buildForTesting = "YES"
            buildForRunning = "YES"
            buildForProfiling = "YES"
            buildForArchiving = "YES"
            buildForAnalyzing = "YES">
            <BuildableReference
               BuildableIdentifier = "primary"
               BlueprintIdentifier = "9E01B7932F104A9E00C59315"
               BuildableName = "L&#xf8;s &amp; L&#xe6;r.app"
               BlueprintName = "L&#xf8;s &amp; L&#xe6;r"
               ReferencedContainer = "container:L&#xf8;s &amp; L&#xe6;r.xcodeproj">
            </BuildableReference>
         </BuildActionEntry>
      </BuildActionEntries>
   </BuildAction>
   <TestAction
      buildConfiguration = "Debug"
      selectedDebuggerIdentifier = "Xcode.DebuggerFoundation.Debugger.LLDB"
      selectedLauncherIdentifier = "Xcode.DebuggerFoundation.Launcher.LLDB"
      shouldUseLaunchSchemeArgsEnv = "YES"
      shouldAutocreateTestPlan = "YES">
      <MacroExpansion>
         <BuildableReference
            BuildableIdentifier = "primary"
            BlueprintIdentifier = "9E01B7932F104A9E00C59315"
            BuildableName = "L&#xf8;s &amp; L&#xe6;r.app"
            BlueprintName = "L&#xf8;s &amp; L&#xe6;r"
            ReferencedContainer = "container:L&#xf8;s &amp; L&#xe6;r.xcodeproj">
         </BuildableReference>
      </MacroExpansion>
      <Testables>
         <TestableReference
            skipped = "NO"
            parallelizable = "YES">
            <BuildableReference
               BuildableIdentifier = "primary"
               BlueprintIdentifier = "9E01B7A02F104AA000C59315"
               BuildableName = "L&#xf8;s &amp; L&#xe6;rTests.xctest"
               BlueprintName = "L&#xf8;s &amp; L&#xe6;rTests"
               ReferencedContainer = "container:L&#xf8;s &amp; L&#xe6;r.xcodeproj">
            </BuildableReference>
         </TestableReference>
      </Testables>
   </TestAction>
   <LaunchAction
      buildConfiguration = "Debug"
      selectedDebuggerIdentifier = "Xcode.DebuggerFoundation.Debugger.LLDB"
      selectedLauncherIdentifier = "Xcode.DebuggerFoundation.Launcher.LLDB"
      launchStyle = "0"
      useCustomWorkingDirectory = "NO"
      ignoresPersistentStateOnLaunch = "NO"
      debugDocumentVersioning = "YES"
      debugServiceExtension = "internal"
      allowLocationSimulation = "YES">
      <BuildableProductRunnable
         runnableDebuggingMode = "0">
         <BuildableReference
            BuildableIdentifier = "primary"
            BlueprintIdentifier = "9E01B7932F104A9E00C59315"
            BuildableName = "L&#xf8;s &amp; L&#xe6;r.app"
            BlueprintName = "L&#xf8;s &amp; L&#xe6;r"
            ReferencedContainer = "container:L&#xf8;s &amp; L&#xe6;r.xcodeproj">
         </BuildableReference>
      </BuildableProductRunnable>
   </LaunchAction>
   <ProfileAction
      buildConfiguration = "Release"
      shouldUseLaunchSchemeArgsEnv = "YES"
      savedToolIdentifier = ""
      useCustomWorkingDirectory = "NO"
      debugDocumentVersioning = "YES">
      <BuildableProductRunnable
         runnableDebuggingMode = "0">
         <BuildableReference
            BuildableIdentifier = "primary"
            BlueprintIdentifier = "9E01B7932F104A9E00C59315"
            BuildableName = "L&#xf8;s &amp; L&#xe6;r.app"
            BlueprintName = "L&#xf8;s &amp; L&#xe6;r"
            ReferencedContainer = "container:L&#xf8;s &amp; L&#xe6;r.xcodeproj">
         </BuildableReference>
      </BuildableProductRunnable>
   </ProfileAction>
   <AnalyzeAction
      buildConfiguration = "Debug">
   </AnalyzeAction>
   <ArchiveAction
      buildConfiguration = "Release"
      revealArchiveInOrganizer = "YES">
   </ArchiveAction>
</Scheme>
